
Microsoft Visual Studio Solution File, Format Version 12.00
# Visual Studio 15
VisualStudioVersion = 15.0.28307.421
MinimumVisualStudioVersion = 10.0.40219.1
Project("{FAE04EC0-301F-11D3-BF4B-00C04F79EFBC}") = "RumbleController", "RumbleController\RumbleController.csproj", "{F2CA9EF3-5BD5-4A33-ADE5-38CBD04C58EF}"
EndProject
Global
	GlobalSection(SolutionConfigurationPlatforms) = preSolution
		Debug|Any CPU = Debug|Any CPU
		Release|Any CPU = Release|Any CPU
	EndGlobalSection
	GlobalSection(ProjectConfigurationPlatforms) = postSolution
		{F2CA9EF3-5BD5-4A33-ADE5-38CBD04C58EF}.Debug|Any CPU.ActiveCfg = Debug|Any CPU
		{F2CA9EF3-5BD5-4A33-ADE5-38CBD04C58EF}.Debug|Any CPU.Build.0 = Debug|Any CPU
		{F2CA9EF3-5BD5-4A33-ADE5-38CBD04C58EF}.Release|Any CPU.ActiveCfg = Release|Any CPU
		{F2CA9EF3-5BD5-4A33-ADE5-38CBD04C58EF}.Release|Any CPU.Build.0 = Release|Any CPU
	EndGlobalSection
	GlobalSection(SolutionProperties) = preSolution
		HideSolutionNode = FALSE
	EndGlobalSection
	GlobalSection(ExtensibilityGlobals) = postSolution
		SolutionGuid = {992C0349-29A2-491A-964B-FE8B90CB51B7}
	EndGlobalSection
EndGlobal
